# This file is automatically @generated by Cargo.
# It is not intended for manual editing.
version = 3

[[package]]
name = "bin_patterns"
version = "0.1.0"
dependencies = [
 "lib_object_trait_pattern",
 "lib_oops_pattern",
]

[[package]]
name = "lib_object_trait_pattern"
version = "0.1.0"

[[package]]
name = "lib_oops_pattern"
version = "0.1.0"
